{
  "name": "cuke-dedup",
  "version": "0.1.0",
  "lockfileVersion": 3,
  "requires": true,
  "packages": {
    "": {
      "name": "cuke-dedup",
      "version": "0.1.0",
      "license": "MIT",
      "workspaces": [
        "npm/platforms/*"
      ],
      "bin": {
        "cuke-dedup": "npm/bin/cuke-dedup.js"
      },
      "engines": {
        "node": ">=20"
      },
      "optionalDependencies": {
        "cuke-dedup-darwin-arm64": "0.1.0",
        "cuke-dedup-darwin-x64": "0.1.0",
        "cuke-dedup-linux-arm64-gnu": "0.1.0",
        "cuke-dedup-linux-arm64-musl": "0.1.0",
        "cuke-dedup-linux-x64-gnu": "0.1.0",
        "cuke-dedup-linux-x64-musl": "0.1.0",
        "cuke-dedup-win32-arm64": "0.1.0",
        "cuke-dedup-win32-x64": "0.1.0"
      }
    },
    "node_modules/cuke-dedup-darwin-arm64": {
      "resolved": "npm/platforms/darwin-arm64",
      "link": true
    },
    "node_modules/cuke-dedup-darwin-x64": {
      "resolved": "npm/platforms/darwin-x64",
      "link": true
    },
    "node_modules/cuke-dedup-linux-arm64-gnu": {
      "resolved": "npm/platforms/linux-arm64-gnu",
      "link": true
    },
    "node_modules/cuke-dedup-linux-arm64-musl": {
      "resolved": "npm/platforms/linux-arm64-musl",
      "link": true
    },
    "node_modules/cuke-dedup-linux-x64-gnu": {
      "resolved": "npm/platforms/linux-x64-gnu",
      "link": true
    },
    "node_modules/cuke-dedup-linux-x64-musl": {
      "resolved": "npm/platforms/linux-x64-musl",
      "link": true
    },
    "node_modules/cuke-dedup-win32-arm64": {
      "resolved": "npm/platforms/win32-arm64",
      "link": true
    },
    "node_modules/cuke-dedup-win32-x64": {
      "resolved": "npm/platforms/win32-x64",
      "link": true
    },
    "npm/platforms/darwin-arm64": {
      "name": "cuke-dedup-darwin-arm64",
      "version": "0.1.0",
      "cpu": [
        "arm64"
      ],
      "license": "MIT",
      "os": [
        "darwin"
      ]
    },
    "npm/platforms/darwin-x64": {
      "name": "cuke-dedup-darwin-x64",
      "version": "0.1.0",
      "cpu": [
        "x64"
      ],
      "license": "MIT",
      "os": [
        "darwin"
      ]
    },
    "npm/platforms/linux-arm64-gnu": {
      "name": "cuke-dedup-linux-arm64-gnu",
      "version": "0.1.0",
      "cpu": [
        "arm64"
      ],
      "libc": [
        "glibc"
      ],
      "license": "MIT",
      "os": [
        "linux"
      ]
    },
    "npm/platforms/linux-arm64-musl": {
      "name": "cuke-dedup-linux-arm64-musl",
      "version": "0.1.0",
      "cpu": [
        "arm64"
      ],
      "libc": [
        "musl"
      ],
      "license": "MIT",
      "os": [
        "linux"
      ]
    },
    "npm/platforms/linux-x64-gnu": {
      "name": "cuke-dedup-linux-x64-gnu",
      "version": "0.1.0",
      "cpu": [
        "x64"
      ],
      "libc": [
        "glibc"
      ],
      "license": "MIT",
      "os": [
        "linux"
      ]
    },
    "npm/platforms/linux-x64-musl": {
      "name": "cuke-dedup-linux-x64-musl",
      "version": "0.1.0",
      "cpu": [
        "x64"
      ],
      "libc": [
        "musl"
      ],
      "license": "MIT",
      "os": [
        "linux"
      ]
    },
    "npm/platforms/win32-arm64": {
      "name": "cuke-dedup-win32-arm64",
      "version": "0.1.0",
      "cpu": [
        "arm64"
      ],
      "license": "MIT",
      "os": [
        "win32"
      ]
    },
    "npm/platforms/win32-x64": {
      "name": "cuke-dedup-win32-x64",
      "version": "0.1.0",
      "cpu": [
        "x64"
      ],
      "license": "MIT",
      "os": [
        "win32"
      ]
    }
  }
}
